
Microsoft Visual Studio Solution File, Format Version 12.00
# Visual Studio 15
VisualStudioVersion = 15.0.28010.2046
MinimumVisualStudioVersion = 10.0.40219.1
Project("{FAE04EC0-301F-11D3-BF4B-00C04F79EFBC}") = "Higo-Api", "Higo-Api\Higo-Api.csproj", "{0B4465A2-1C73-46F7-A0A8-387A9990B702}"
EndProject
Global
	GlobalSection(SolutionConfigurationPlatforms) = preSolution
		Debug|Any CPU = Debug|Any CPU
		Release|Any CPU = Release|Any CPU
	EndGlobalSection
	GlobalSection(ProjectConfigurationPlatforms) = postSolution
		{0B4465A2-1C73-46F7-A0A8-387A9990B702}.Debug|Any CPU.ActiveCfg = Debug|Any CPU
		{0B4465A2-1C73-46F7-A0A8-387A9990B702}.Debug|Any CPU.Build.0 = Debug|Any CPU
		{0B4465A2-1C73-46F7-A0A8-387A9990B702}.Release|Any CPU.ActiveCfg = Release|Any CPU
		{0B4465A2-1C73-46F7-A0A8-387A9990B702}.Release|Any CPU.Build.0 = Release|Any CPU
	EndGlobalSection
	GlobalSection(SolutionProperties) = preSolution
		HideSolutionNode = FALSE
	EndGlobalSection
	GlobalSection(ExtensibilityGlobals) = postSolution
		SolutionGuid = {EF4D7C95-48EC-498F-B7C1-4D41D9A3C622}
	EndGlobalSection
EndGlobal
